
Microsoft Visual Studio Solution File, Format Version 12.00
# Visual Studio Version 17
VisualStudioVersion = 17.2.32516.85
MinimumVisualStudioVersion = 10.0.40219.1
Project("{FAE04EC0-301F-11D3-BF4B-00C04F79EFBC}") = "MVCDemo", "MVCDemo.csproj", "{D9A17AAF-6B15-46E1-8AD1-8F8DFE9FA16E}"
EndProject
Global
	GlobalSection(SolutionConfigurationPlatforms) = preSolution
		Debug|Any CPU = Debug|Any CPU
		Release|Any CPU = Release|Any CPU
	EndGlobalSection
	GlobalSection(ProjectConfigurationPlatforms) = postSolution
		{D9A17AAF-6B15-46E1-8AD1-8F8DFE9FA16E}.Debug|Any CPU.ActiveCfg = Debug|Any CPU
		{D9A17AAF-6B15-46E1-8AD1-8F8DFE9FA16E}.Debug|Any CPU.Build.0 = Debug|Any CPU
		{D9A17AAF-6B15-46E1-8AD1-8F8DFE9FA16E}.Release|Any CPU.ActiveCfg = Release|Any CPU
		{D9A17AAF-6B15-46E1-8AD1-8F8DFE9FA16E}.Release|Any CPU.Build.0 = Release|Any CPU
	EndGlobalSection
	GlobalSection(SolutionProperties) = preSolution
		HideSolutionNode = FALSE
	EndGlobalSection
	GlobalSection(ExtensibilityGlobals) = postSolution
		SolutionGuid = {4A3569EE-6B76-45FC-A8E5-11FFEB5E8415}
	EndGlobalSection
EndGlobal
