
Microsoft Visual Studio Solution File, Format Version 12.00
# Visual Studio Version 17
VisualStudioVersion = 17.1.32328.378
MinimumVisualStudioVersion = 10.0.40219.1
Project("{9A19103F-16F7-4668-BE54-9A1E7A4F7556}") = "MockPractice", "MockPractice.csproj", "{A864C9A7-2A93-4925-A681-007C5B688A50}"
EndProject
Global
	GlobalSection(SolutionConfigurationPlatforms) = preSolution
		Debug|Any CPU = Debug|Any CPU
		Release|Any CPU = Release|Any CPU
	EndGlobalSection
	GlobalSection(ProjectConfigurationPlatforms) = postSolution
		{A864C9A7-2A93-4925-A681-007C5B688A50}.Debug|Any CPU.ActiveCfg = Debug|Any CPU
		{A864C9A7-2A93-4925-A681-007C5B688A50}.Debug|Any CPU.Build.0 = Debug|Any CPU
		{A864C9A7-2A93-4925-A681-007C5B688A50}.Release|Any CPU.ActiveCfg = Release|Any CPU
		{A864C9A7-2A93-4925-A681-007C5B688A50}.Release|Any CPU.Build.0 = Release|Any CPU
	EndGlobalSection
	GlobalSection(SolutionProperties) = preSolution
		HideSolutionNode = FALSE
	EndGlobalSection
	GlobalSection(ExtensibilityGlobals) = postSolution
		SolutionGuid = {BBC02C27-BC40-4441-B1A8-E71B4A7C9D07}
	EndGlobalSection
EndGlobal
